
Microsoft Visual Studio Solution File, Format Version 12.00
# Visual Studio Version 17
VisualStudioVersion = 17.5.002.0
MinimumVisualStudioVersion = 10.0.40219.1
Project("{9A19103F-16F7-4668-BE54-9A1E7A4F7556}") = "day-1", "day-1.csproj", "{CAEEA49F-6AD2-4D09-97DC-63E9BF13AE7C}"
EndProject
Global
	GlobalSection(SolutionConfigurationPlatforms) = preSolution
		Debug|Any CPU = Debug|Any CPU
		Release|Any CPU = Release|Any CPU
	EndGlobalSection
	GlobalSection(ProjectConfigurationPlatforms) = postSolution
		{CAEEA49F-6AD2-4D09-97DC-63E9BF13AE7C}.Debug|Any CPU.ActiveCfg = Debug|Any CPU
		{CAEEA49F-6AD2-4D09-97DC-63E9BF13AE7C}.Debug|Any CPU.Build.0 = Debug|Any CPU
		{CAEEA49F-6AD2-4D09-97DC-63E9BF13AE7C}.Release|Any CPU.ActiveCfg = Release|Any CPU
		{CAEEA49F-6AD2-4D09-97DC-63E9BF13AE7C}.Release|Any CPU.Build.0 = Release|Any CPU
	EndGlobalSection
	GlobalSection(SolutionProperties) = preSolution
		HideSolutionNode = FALSE
	EndGlobalSection
	GlobalSection(ExtensibilityGlobals) = postSolution
		SolutionGuid = {F1312CDC-9948-4492-B5B3-33006632B4F1}
	EndGlobalSection
EndGlobal
